
Microsoft Visual Studio Solution File, Format Version 12.00
# Visual Studio 15
VisualStudioVersion = 15.0.27428.2027
MinimumVisualStudioVersion = 10.0.40219.1
Project("{8BC9CEB8-8B4A-11D0-8D11-00A0C91BC942}") = "KNU_KIOSK", "KNU_KIOSK\KNU_KIOSK.vcxproj", "{B6513D7D-63EE-459B-997D-C89FF7F7EBC8}"
EndProject
Global
	GlobalSection(SolutionConfigurationPlatforms) = preSolution
		Debug|x64 = Debug|x64
		Debug|x86 = Debug|x86
		Release|x64 = Release|x64
		Release|x86 = Release|x86
	EndGlobalSection
	GlobalSection(ProjectConfigurationPlatforms) = postSolution
		{B6513D7D-63EE-459B-997D-C89FF7F7EBC8}.Debug|x64.ActiveCfg = Debug|x64
		{B6513D7D-63EE-459B-997D-C89FF7F7EBC8}.Debug|x64.Build.0 = Debug|x64
		{B6513D7D-63EE-459B-997D-C89FF7F7EBC8}.Debug|x86.ActiveCfg = Debug|Win32
		{B6513D7D-63EE-459B-997D-C89FF7F7EBC8}.Debug|x86.Build.0 = Debug|Win32
		{B6513D7D-63EE-459B-997D-C89FF7F7EBC8}.Release|x64.ActiveCfg = Release|x64
		{B6513D7D-63EE-459B-997D-C89FF7F7EBC8}.Release|x64.Build.0 = Release|x64
		{B6513D7D-63EE-459B-997D-C89FF7F7EBC8}.Release|x86.ActiveCfg = Release|Win32
		{B6513D7D-63EE-459B-997D-C89FF7F7EBC8}.Release|x86.Build.0 = Release|Win32
	EndGlobalSection
	GlobalSection(SolutionProperties) = preSolution
		HideSolutionNode = FALSE
	EndGlobalSection
	GlobalSection(ExtensibilityGlobals) = postSolution
		SolutionGuid = {3FB02079-00E8-408B-B31F-7271A4FE3251}
	EndGlobalSection
EndGlobal
