<?xml version="1.0" encoding="utf-8"?>
<Project ToolsVersion="4.0" xmlns="http://schemas.microsoft.com/developer/msbuild/2003">
  <ItemGroup>
    <Filter Include="소스 파일">
      <UniqueIdentifier>{4FC737F1-C7A5-4376-A066-2A32D752A2FF}</UniqueIdentifier>
      <Extensions>cpp;c;cc;cxx;def;odl;idl;hpj;bat;asm;asmx</Extensions>
    </Filter>
    <Filter Include="헤더 파일">
      <UniqueIdentifier>{93995380-89BD-4b04-88EB-625FBE52EBFB}</UniqueIdentifier>
      <Extensions>h;hh;hpp;hxx;hm;inl;inc;ipp;xsd</Extensions>
    </Filter>
    <Filter Include="리소스 파일">
      <UniqueIdentifier>{67DA6AB6-F800-4c08-8B7A-83BB121AAD01}</UniqueIdentifier>
      <Extensions>rc;ico;cur;bmp;dlg;rc2;rct;bin;rgs;gif;jpg;jpeg;jpe;resx;tiff;tif;png;wav;mfcribbon-ms</Extensions>
    </Filter>
    <Filter Include="소스 파일\class">
      <UniqueIdentifier>{547e1bbf-4a82-45bd-92d7-2842c5460bd3}</UniqueIdentifier>
    </Filter>
    <Filter Include="소스 파일\proc">
      <UniqueIdentifier>{aee52e1b-cc22-47fb-b7eb-e732f0127cc8}</UniqueIdentifier>
    </Filter>
    <Filter Include="헤더 파일\class">
      <UniqueIdentifier>{141f06cc-173c-4469-8ef9-c3d582fe1290}</UniqueIdentifier>
    </Filter>
    <Filter Include="소스 파일\socket">
      <UniqueIdentifier>{13190581-81c8-4c51-b7d6-1b31357baf85}</UniqueIdentifier>
    </Filter>
    <Filter Include="헤더 파일\lib">
      <UniqueIdentifier>{0e87a226-c7d2-4460-a63e-1cd153e5fa86}</UniqueIdentifier>
    </Filter>
    <Filter Include="소스 파일\parser">
      <UniqueIdentifier>{48d9915e-d607-42c8-bc55-bf8958887bc2}</UniqueIdentifier>
    </Filter>
    <Filter Include="소스 파일\parser\notice">
      <UniqueIdentifier>{60877e28-8522-4db6-936f-a983e74ef0c2}</UniqueIdentifier>
    </Filter>
    <Filter Include="소스 파일\parser\food">
      <UniqueIdentifier>{48712ae2-1e96-4cc8-b688-44cdfa92050e}</UniqueIdentifier>
    </Filter>
    <Filter Include="소스 파일\proc\main">
      <UniqueIdentifier>{84ffb54e-18e2-4c51-af13-10e3b26e3d78}</UniqueIdentifier>
    </Filter>
    <Filter Include="소스 파일\proc\init">
      <UniqueIdentifier>{cee3218c-77cd-4400-9eec-70195574283e}</UniqueIdentifier>
    </Filter>
    <Filter Include="헤더 파일\header">
      <UniqueIdentifier>{c895397f-fb58-4748-b5fd-885f3a036e5a}</UniqueIdentifier>
    </Filter>
    <Filter Include="소스 파일\parser\other">
      <UniqueIdentifier>{a3188e17-ab68-4e30-813e-141de7d1bcfc}</UniqueIdentifier>
    </Filter>
  </ItemGroup>
  <ItemGroup>
    <ClInclude Include="WEBVIEW.h">
      <Filter>헤더 파일\class</Filter>
    </ClInclude>
    <ClInclude Include="DRAW.h">
      <Filter>헤더 파일\class</Filter>
    </ClInclude>
    <ClInclude Include="lib\gumbo\gumbo.h">
      <Filter>헤더 파일\lib</Filter>
    </ClInclude>
    <ClInclude Include="resource.h">
      <Filter>헤더 파일</Filter>
    </ClInclude>
    <ClInclude Include="HANGUL.h">
      <Filter>헤더 파일\class</Filter>
    </ClInclude>
    <ClInclude Include="header.h">
      <Filter>헤더 파일\header</Filter>
    </ClInclude>
    <ClInclude Include="stdafx.h">
      <Filter>헤더 파일\header</Filter>
    </ClInclude>
  </ItemGroup>
  <ItemGroup>
    <ClCompile Include="stdafx.cpp">
      <Filter>소스 파일</Filter>
    </ClCompile>
    <ClCompile Include="main.cpp">
      <Filter>소스 파일</Filter>
    </ClCompile>
    <ClCompile Include="proc.cpp">
      <Filter>소스 파일\proc</Filter>
    </ClCompile>
    <ClCompile Include="DRAW.cpp">
      <Filter>소스 파일\class</Filter>
    </ClCompile>
    <ClCompile Include="WEBVIEW.cpp">
      <Filter>소스 파일\class</Filter>
    </ClCompile>
    <ClCompile Include="recv.cpp">
      <Filter>소스 파일\socket</Filter>
    </ClCompile>
    <ClCompile Include="socket.cpp">
      <Filter>소스 파일\socket</Filter>
    </ClCompile>
    <ClCompile Include="data.cpp">
      <Filter>소스 파일</Filter>
    </ClCompile>
    <ClCompile Include="encoding.cpp">
      <Filter>소스 파일</Filter>
    </ClCompile>
    <ClCompile Include="parser_notice_cie.cpp">
      <Filter>소스 파일\parser\notice</Filter>
    </ClCompile>
    <ClCompile Include="parser_food_dormi.cpp">
      <Filter>소스 파일\parser\food</Filter>
    </ClCompile>
    <ClCompile Include="parser_food_knu.cpp">
      <Filter>소스 파일\parser\food</Filter>
    </ClCompile>
    <ClCompile Include="http.cpp">
      <Filter>소스 파일\socket</Filter>
    </ClCompile>
    <ClCompile Include="init.cpp">
      <Filter>소스 파일\proc\init</Filter>
    </ClCompile>
    <ClCompile Include="HANGUL.cpp">
      <Filter>소스 파일\class</Filter>
    </ClCompile>
    <ClCompile Include="proc_init.cpp">
      <Filter>소스 파일\proc\init</Filter>
    </ClCompile>
    <ClCompile Include="proc_main.cpp">
      <Filter>소스 파일\proc\main</Filter>
    </ClCompile>
    <ClCompile Include="parser_bus.cpp">
      <Filter>소스 파일\parser\other</Filter>
    </ClCompile>
    <ClCompile Include="parser_calendar.cpp">
      <Filter>소스 파일\parser\other</Filter>
    </ClCompile>
    <ClCompile Include="parser_popup.cpp">
      <Filter>소스 파일\parser\other</Filter>
    </ClCompile>
    <ClCompile Include="main_child.cpp">
      <Filter>소스 파일\proc\main</Filter>
    </ClCompile>
    <ClCompile Include="main_popup.cpp">
      <Filter>소스 파일\proc\main</Filter>
    </ClCompile>
    <ClCompile Include="parser_notice_knu+dormi.cpp">
      <Filter>소스 파일\parser\notice</Filter>
    </ClCompile>
    <ClCompile Include="proc_main_notice.cpp">
      <Filter>소스 파일\proc\main</Filter>
    </ClCompile>
    <ClCompile Include="proc_main_food.cpp">
      <Filter>소스 파일\proc\main</Filter>
    </ClCompile>
    <ClCompile Include="proc_main_calendar.cpp">
      <Filter>소스 파일\proc\main</Filter>
    </ClCompile>
    <ClCompile Include="proc_main_bus.cpp">
      <Filter>소스 파일\proc\main</Filter>
    </ClCompile>
  </ItemGroup>
  <ItemGroup>
    <ResourceCompile Include="KNU_KIOSK.rc">
      <Filter>리소스 파일</Filter>
    </ResourceCompile>
  </ItemGroup>
  <ItemGroup>
    <Image Include="resource\image\logo.ico">
      <Filter>리소스 파일</Filter>
    </Image>
  </ItemGroup>
</Project>